
Microsoft Visual Studio Solution File, Format Version 12.00
# Visual Studio 15
VisualStudioVersion = 15.0.28010.2003
MinimumVisualStudioVersion = 10.0.40219.1
Project("{FAE04EC0-301F-11D3-BF4B-00C04F79EFBC}") = "WebUI", "WebUI\WebUI.csproj", "{A7EAA7E4-FEB2-48DC-B9FC-E3D11FD63693}"
EndProject
Project("{FAE04EC0-301F-11D3-BF4B-00C04F79EFBC}") = "Models", "Models\Models.csproj", "{DF5EC938-8940-4518-82B0-4717A8233D94}"
EndProject
Project("{FAE04EC0-301F-11D3-BF4B-00C04F79EFBC}") = "DAL", "DAL\DAL.csproj", "{F8BBFA26-2137-4B4B-B736-9ADBD7848C82}"
EndProject
Project("{FAE04EC0-301F-11D3-BF4B-00C04F79EFBC}") = "BLL", "BLL\BLL.csproj", "{8CD388F7-DB2C-488A-831E-C163903EF4B1}"
EndProject
Global
	GlobalSection(SolutionConfigurationPlatforms) = preSolution
		Debug|Any CPU = Debug|Any CPU
		Release|Any CPU = Release|Any CPU
	EndGlobalSection
	GlobalSection(ProjectConfigurationPlatforms) = postSolution
		{A7EAA7E4-FEB2-48DC-B9FC-E3D11FD63693}.Debug|Any CPU.ActiveCfg = Debug|Any CPU
		{A7EAA7E4-FEB2-48DC-B9FC-E3D11FD63693}.Debug|Any CPU.Build.0 = Debug|Any CPU
		{A7EAA7E4-FEB2-48DC-B9FC-E3D11FD63693}.Release|Any CPU.ActiveCfg = Release|Any CPU
		{A7EAA7E4-FEB2-48DC-B9FC-E3D11FD63693}.Release|Any CPU.Build.0 = Release|Any CPU
		{DF5EC938-8940-4518-82B0-4717A8233D94}.Debug|Any CPU.ActiveCfg = Debug|Any CPU
		{DF5EC938-8940-4518-82B0-4717A8233D94}.Debug|Any CPU.Build.0 = Debug|Any CPU
		{DF5EC938-8940-4518-82B0-4717A8233D94}.Release|Any CPU.ActiveCfg = Release|Any CPU
		{DF5EC938-8940-4518-82B0-4717A8233D94}.Release|Any CPU.Build.0 = Release|Any CPU
		{F8BBFA26-2137-4B4B-B736-9ADBD7848C82}.Debug|Any CPU.ActiveCfg = Debug|Any CPU
		{F8BBFA26-2137-4B4B-B736-9ADBD7848C82}.Debug|Any CPU.Build.0 = Debug|Any CPU
		{F8BBFA26-2137-4B4B-B736-9ADBD7848C82}.Release|Any CPU.ActiveCfg = Release|Any CPU
		{F8BBFA26-2137-4B4B-B736-9ADBD7848C82}.Release|Any CPU.Build.0 = Release|Any CPU
		{8CD388F7-DB2C-488A-831E-C163903EF4B1}.Debug|Any CPU.ActiveCfg = Debug|Any CPU
		{8CD388F7-DB2C-488A-831E-C163903EF4B1}.Debug|Any CPU.Build.0 = Debug|Any CPU
		{8CD388F7-DB2C-488A-831E-C163903EF4B1}.Release|Any CPU.ActiveCfg = Release|Any CPU
		{8CD388F7-DB2C-488A-831E-C163903EF4B1}.Release|Any CPU.Build.0 = Release|Any CPU
	EndGlobalSection
	GlobalSection(SolutionProperties) = preSolution
		HideSolutionNode = FALSE
	EndGlobalSection
	GlobalSection(ExtensibilityGlobals) = postSolution
		SolutionGuid = {DC0D617D-445C-41DF-9EED-A56A571ABAA3}
	EndGlobalSection
EndGlobal
