
Microsoft Visual Studio Solution File, Format Version 12.00
# Visual Studio Version 16
VisualStudioVersion = 16.0.30611.23
MinimumVisualStudioVersion = 10.0.40219.1
Project("{FAE04EC0-301F-11D3-BF4B-00C04F79EFBC}") = "Log4net_Demo", "Log4net_Demo\Log4net_Demo.csproj", "{52E9D5CD-264C-4134-B8F6-5B565F398A91}"
EndProject
Project("{FAE04EC0-301F-11D3-BF4B-00C04F79EFBC}") = "Async_Study", "Async_Study\Async_Study.csproj", "{B5C5731A-5B8C-4912-B792-783BEE95EA20}"
EndProject
Project("{FAE04EC0-301F-11D3-BF4B-00C04F79EFBC}") = "MvcLearn", "MvcLearn\MvcLearn.csproj", "{57ABB44B-A110-44AB-BC62-8E40243D1733}"
EndProject
Project("{FAE04EC0-301F-11D3-BF4B-00C04F79EFBC}") = "WebAPI Learn", "WebAPI Learn\WebAPI Learn.csproj", "{1EE58F88-842E-45FA-B5D6-661775097012}"
EndProject
Project("{FAE04EC0-301F-11D3-BF4B-00C04F79EFBC}") = "高级语法_特性标签", "高级语法\高级语法_特性标签.csproj", "{8ADBC992-B64B-4ED8-9B0E-F52F77033AF1}"
EndProject
Project("{FAE04EC0-301F-11D3-BF4B-00C04F79EFBC}") = "LINQ Learn", "LINQ Learn\LINQ Learn.csproj", "{C37A3498-AC17-430E-A426-E807B1B9C366}"
EndProject
Project("{FAE04EC0-301F-11D3-BF4B-00C04F79EFBC}") = "UnitTestingDemo", "UnitTestingDemo\UnitTestingDemo.csproj", "{C5A9D461-C66D-473A-89B8-BF12CEC05D52}"
EndProject
Project("{9A19103F-16F7-4668-BE54-9A1E7A4F7556}") = "ContosoUniversity", "ContosoUniversity\ContosoUniversity.csproj", "{14442802-F439-4469-A663-DB7C2C703EDC}"
EndProject
Project("{FAE04EC0-301F-11D3-BF4B-00C04F79EFBC}") = "ExploreToExcel", "ExploreToExcel\ExploreToExcel.csproj", "{DDD3F770-7160-4D33-AAD3-547BAEDB5573}"
EndProject
Project("{FAE04EC0-301F-11D3-BF4B-00C04F79EFBC}") = "FactoryMethod", "FactoryMethod\FactoryMethod.csproj", "{712B6BFA-F24D-4AC6-B65F-057DC4B0F8C4}"
EndProject
Project("{FAE04EC0-301F-11D3-BF4B-00C04F79EFBC}") = "IOC_Autofac", "IOC_Autofac\IOC_Autofac.csproj", "{44940B7A-8322-4124-B58E-9E2F552B07DC}"
EndProject
Project("{9A19103F-16F7-4668-BE54-9A1E7A4F7556}") = "Library.API", "Library.API\Library.API.csproj", "{D502C184-AFC6-46F2-8633-4FDB47DC76EF}"
EndProject
Project("{9A19103F-16F7-4668-BE54-9A1E7A4F7556}") = "MvcMovie", "MvcMovie\MvcMovie.csproj", "{A9AFD4A0-71A3-421C-BD9F-2148F1A07117}"
EndProject
Project("{FAE04EC0-301F-11D3-BF4B-00C04F79EFBC}") = "RedisStu", "RedisStu\RedisStu.csproj", "{BFC912E4-9895-4C25-80F1-D9019B91C1E1}"
EndProject
Project("{FAE04EC0-301F-11D3-BF4B-00C04F79EFBC}") = "SimpleFactory", "SimpleFactory\SimpleFactory.csproj", "{6389DF3A-BE77-4479-B4EC-339477E61E01}"
EndProject
Project("{9A19103F-16F7-4668-BE54-9A1E7A4F7556}") = "TodoApi", "TodoApi\TodoApi.csproj", "{E3B0D67C-B09A-44A3-BFA5-614406110691}"
EndProject
Project("{E24C65DC-7377-472B-9ABA-BC803B73C61A}") = "EF Test", "EF Test\EF Test\", "{4A042970-1BC4-44E1-BAAC-650BAF98CA6B}"
	ProjectSection(WebsiteProperties) = preProject
		TargetFrameworkMoniker = ".NETFramework,Version%3Dv4.5.2"
		Debug.AspNetCompiler.VirtualPath = "/localhost_4621"
		Debug.AspNetCompiler.PhysicalPath = "EF Test\EF Test\"
		Debug.AspNetCompiler.TargetPath = "PrecompiledWeb\localhost_4621\"
		Debug.AspNetCompiler.Updateable = "true"
		Debug.AspNetCompiler.ForceOverwrite = "true"
		Debug.AspNetCompiler.FixedNames = "false"
		Debug.AspNetCompiler.Debug = "True"
		Release.AspNetCompiler.VirtualPath = "/localhost_4621"
		Release.AspNetCompiler.PhysicalPath = "EF Test\EF Test\"
		Release.AspNetCompiler.TargetPath = "PrecompiledWeb\localhost_4621\"
		Release.AspNetCompiler.Updateable = "true"
		Release.AspNetCompiler.ForceOverwrite = "true"
		Release.AspNetCompiler.FixedNames = "false"
		Release.AspNetCompiler.Debug = "False"
		VWDPort = "4621"
		SlnRelativePath = "EF Test\EF Test\"
	EndProjectSection
EndProject
Project("{FAE04EC0-301F-11D3-BF4B-00C04F79EFBC}") = "Common", "三层_Dapper\Common\Common.csproj", "{83823630-3D4D-42C3-A924-BF5EDBD04763}"
EndProject
Global
	GlobalSection(SolutionConfigurationPlatforms) = preSolution
		Debug|Any CPU = Debug|Any CPU
		Release|Any CPU = Release|Any CPU
	EndGlobalSection
	GlobalSection(ProjectConfigurationPlatforms) = postSolution
		{52E9D5CD-264C-4134-B8F6-5B565F398A91}.Debug|Any CPU.ActiveCfg = Debug|Any CPU
		{52E9D5CD-264C-4134-B8F6-5B565F398A91}.Debug|Any CPU.Build.0 = Debug|Any CPU
		{52E9D5CD-264C-4134-B8F6-5B565F398A91}.Release|Any CPU.ActiveCfg = Release|Any CPU
		{52E9D5CD-264C-4134-B8F6-5B565F398A91}.Release|Any CPU.Build.0 = Release|Any CPU
		{B5C5731A-5B8C-4912-B792-783BEE95EA20}.Debug|Any CPU.ActiveCfg = Debug|Any CPU
		{B5C5731A-5B8C-4912-B792-783BEE95EA20}.Debug|Any CPU.Build.0 = Debug|Any CPU
		{B5C5731A-5B8C-4912-B792-783BEE95EA20}.Release|Any CPU.ActiveCfg = Release|Any CPU
		{B5C5731A-5B8C-4912-B792-783BEE95EA20}.Release|Any CPU.Build.0 = Release|Any CPU
		{57ABB44B-A110-44AB-BC62-8E40243D1733}.Debug|Any CPU.ActiveCfg = Debug|Any CPU
		{57ABB44B-A110-44AB-BC62-8E40243D1733}.Debug|Any CPU.Build.0 = Debug|Any CPU
		{57ABB44B-A110-44AB-BC62-8E40243D1733}.Release|Any CPU.ActiveCfg = Release|Any CPU
		{57ABB44B-A110-44AB-BC62-8E40243D1733}.Release|Any CPU.Build.0 = Release|Any CPU
		{1EE58F88-842E-45FA-B5D6-661775097012}.Debug|Any CPU.ActiveCfg = Debug|Any CPU
		{1EE58F88-842E-45FA-B5D6-661775097012}.Debug|Any CPU.Build.0 = Debug|Any CPU
		{1EE58F88-842E-45FA-B5D6-661775097012}.Release|Any CPU.ActiveCfg = Release|Any CPU
		{1EE58F88-842E-45FA-B5D6-661775097012}.Release|Any CPU.Build.0 = Release|Any CPU
		{8ADBC992-B64B-4ED8-9B0E-F52F77033AF1}.Debug|Any CPU.ActiveCfg = Debug|Any CPU
		{8ADBC992-B64B-4ED8-9B0E-F52F77033AF1}.Debug|Any CPU.Build.0 = Debug|Any CPU
		{8ADBC992-B64B-4ED8-9B0E-F52F77033AF1}.Release|Any CPU.ActiveCfg = Release|Any CPU
		{8ADBC992-B64B-4ED8-9B0E-F52F77033AF1}.Release|Any CPU.Build.0 = Release|Any CPU
		{C37A3498-AC17-430E-A426-E807B1B9C366}.Debug|Any CPU.ActiveCfg = Debug|Any CPU
		{C37A3498-AC17-430E-A426-E807B1B9C366}.Debug|Any CPU.Build.0 = Debug|Any CPU
		{C37A3498-AC17-430E-A426-E807B1B9C366}.Release|Any CPU.ActiveCfg = Release|Any CPU
		{C37A3498-AC17-430E-A426-E807B1B9C366}.Release|Any CPU.Build.0 = Release|Any CPU
		{C5A9D461-C66D-473A-89B8-BF12CEC05D52}.Debug|Any CPU.ActiveCfg = Debug|Any CPU
		{C5A9D461-C66D-473A-89B8-BF12CEC05D52}.Debug|Any CPU.Build.0 = Debug|Any CPU
		{C5A9D461-C66D-473A-89B8-BF12CEC05D52}.Release|Any CPU.ActiveCfg = Release|Any CPU
		{C5A9D461-C66D-473A-89B8-BF12CEC05D52}.Release|Any CPU.Build.0 = Release|Any CPU
		{14442802-F439-4469-A663-DB7C2C703EDC}.Debug|Any CPU.ActiveCfg = Debug|Any CPU
		{14442802-F439-4469-A663-DB7C2C703EDC}.Debug|Any CPU.Build.0 = Debug|Any CPU
		{14442802-F439-4469-A663-DB7C2C703EDC}.Release|Any CPU.ActiveCfg = Release|Any CPU
		{14442802-F439-4469-A663-DB7C2C703EDC}.Release|Any CPU.Build.0 = Release|Any CPU
		{DDD3F770-7160-4D33-AAD3-547BAEDB5573}.Debug|Any CPU.ActiveCfg = Debug|Any CPU
		{DDD3F770-7160-4D33-AAD3-547BAEDB5573}.Debug|Any CPU.Build.0 = Debug|Any CPU
		{DDD3F770-7160-4D33-AAD3-547BAEDB5573}.Release|Any CPU.ActiveCfg = Release|Any CPU
		{DDD3F770-7160-4D33-AAD3-547BAEDB5573}.Release|Any CPU.Build.0 = Release|Any CPU
		{712B6BFA-F24D-4AC6-B65F-057DC4B0F8C4}.Debug|Any CPU.ActiveCfg = Debug|Any CPU
		{712B6BFA-F24D-4AC6-B65F-057DC4B0F8C4}.Debug|Any CPU.Build.0 = Debug|Any CPU
		{712B6BFA-F24D-4AC6-B65F-057DC4B0F8C4}.Release|Any CPU.ActiveCfg = Release|Any CPU
		{712B6BFA-F24D-4AC6-B65F-057DC4B0F8C4}.Release|Any CPU.Build.0 = Release|Any CPU
		{44940B7A-8322-4124-B58E-9E2F552B07DC}.Debug|Any CPU.ActiveCfg = Debug|Any CPU
		{44940B7A-8322-4124-B58E-9E2F552B07DC}.Debug|Any CPU.Build.0 = Debug|Any CPU
		{44940B7A-8322-4124-B58E-9E2F552B07DC}.Release|Any CPU.ActiveCfg = Release|Any CPU
		{44940B7A-8322-4124-B58E-9E2F552B07DC}.Release|Any CPU.Build.0 = Release|Any CPU
		{D502C184-AFC6-46F2-8633-4FDB47DC76EF}.Debug|Any CPU.ActiveCfg = Debug|Any CPU
		{D502C184-AFC6-46F2-8633-4FDB47DC76EF}.Debug|Any CPU.Build.0 = Debug|Any CPU
		{D502C184-AFC6-46F2-8633-4FDB47DC76EF}.Release|Any CPU.ActiveCfg = Release|Any CPU
		{D502C184-AFC6-46F2-8633-4FDB47DC76EF}.Release|Any CPU.Build.0 = Release|Any CPU
		{A9AFD4A0-71A3-421C-BD9F-2148F1A07117}.Debug|Any CPU.ActiveCfg = Debug|Any CPU
		{A9AFD4A0-71A3-421C-BD9F-2148F1A07117}.Debug|Any CPU.Build.0 = Debug|Any CPU
		{A9AFD4A0-71A3-421C-BD9F-2148F1A07117}.Release|Any CPU.ActiveCfg = Release|Any CPU
		{A9AFD4A0-71A3-421C-BD9F-2148F1A07117}.Release|Any CPU.Build.0 = Release|Any CPU
		{BFC912E4-9895-4C25-80F1-D9019B91C1E1}.Debug|Any CPU.ActiveCfg = Debug|Any CPU
		{BFC912E4-9895-4C25-80F1-D9019B91C1E1}.Debug|Any CPU.Build.0 = Debug|Any CPU
		{BFC912E4-9895-4C25-80F1-D9019B91C1E1}.Release|Any CPU.ActiveCfg = Release|Any CPU
		{BFC912E4-9895-4C25-80F1-D9019B91C1E1}.Release|Any CPU.Build.0 = Release|Any CPU
		{6389DF3A-BE77-4479-B4EC-339477E61E01}.Debug|Any CPU.ActiveCfg = Debug|Any CPU
		{6389DF3A-BE77-4479-B4EC-339477E61E01}.Debug|Any CPU.Build.0 = Debug|Any CPU
		{6389DF3A-BE77-4479-B4EC-339477E61E01}.Release|Any CPU.ActiveCfg = Release|Any CPU
		{6389DF3A-BE77-4479-B4EC-339477E61E01}.Release|Any CPU.Build.0 = Release|Any CPU
		{E3B0D67C-B09A-44A3-BFA5-614406110691}.Debug|Any CPU.ActiveCfg = Debug|Any CPU
		{E3B0D67C-B09A-44A3-BFA5-614406110691}.Debug|Any CPU.Build.0 = Debug|Any CPU
		{E3B0D67C-B09A-44A3-BFA5-614406110691}.Release|Any CPU.ActiveCfg = Release|Any CPU
		{E3B0D67C-B09A-44A3-BFA5-614406110691}.Release|Any CPU.Build.0 = Release|Any CPU
		{4A042970-1BC4-44E1-BAAC-650BAF98CA6B}.Debug|Any CPU.ActiveCfg = Debug|Any CPU
		{4A042970-1BC4-44E1-BAAC-650BAF98CA6B}.Debug|Any CPU.Build.0 = Debug|Any CPU
		{4A042970-1BC4-44E1-BAAC-650BAF98CA6B}.Release|Any CPU.ActiveCfg = Debug|Any CPU
		{4A042970-1BC4-44E1-BAAC-650BAF98CA6B}.Release|Any CPU.Build.0 = Debug|Any CPU
		{83823630-3D4D-42C3-A924-BF5EDBD04763}.Debug|Any CPU.ActiveCfg = Debug|Any CPU
		{83823630-3D4D-42C3-A924-BF5EDBD04763}.Debug|Any CPU.Build.0 = Debug|Any CPU
		{83823630-3D4D-42C3-A924-BF5EDBD04763}.Release|Any CPU.ActiveCfg = Release|Any CPU
		{83823630-3D4D-42C3-A924-BF5EDBD04763}.Release|Any CPU.Build.0 = Release|Any CPU
	EndGlobalSection
	GlobalSection(SolutionProperties) = preSolution
		HideSolutionNode = FALSE
	EndGlobalSection
	GlobalSection(ExtensibilityGlobals) = postSolution
		SolutionGuid = {48D7A5A1-8A2E-453E-908F-7EB120CC8692}
	EndGlobalSection
EndGlobal
