
Microsoft Visual Studio Solution File, Format Version 12.00
# Visual Studio 15
VisualStudioVersion = 15.0.27130.2020
MinimumVisualStudioVersion = 10.0.40219.1
Project("{FAE04EC0-301F-11D3-BF4B-00C04F79EFBC}") = "Log4net_Demo", "Log4net_Demo\Log4net_Demo.csproj", "{52E9D5CD-264C-4134-B8F6-5B565F398A91}"
EndProject
Project("{FAE04EC0-301F-11D3-BF4B-00C04F79EFBC}") = "Async_Study", "Async_Study\Async_Study.csproj", "{B5C5731A-5B8C-4912-B792-783BEE95EA20}"
EndProject
Project("{FAE04EC0-301F-11D3-BF4B-00C04F79EFBC}") = "MvcLearn", "MvcLearn\MvcLearn.csproj", "{57ABB44B-A110-44AB-BC62-8E40243D1733}"
EndProject
Project("{FAE04EC0-301F-11D3-BF4B-00C04F79EFBC}") = "WebAPI Learn", "WebAPI Learn\WebAPI Learn.csproj", "{1EE58F88-842E-45FA-B5D6-661775097012}"
EndProject
Project("{FAE04EC0-301F-11D3-BF4B-00C04F79EFBC}") = "高级语法_特性标签", "高级语法\高级语法_特性标签.csproj", "{8ADBC992-B64B-4ED8-9B0E-F52F77033AF1}"
EndProject
Global
	GlobalSection(SolutionConfigurationPlatforms) = preSolution
		Debug|Any CPU = Debug|Any CPU
		Release|Any CPU = Release|Any CPU
	EndGlobalSection
	GlobalSection(ProjectConfigurationPlatforms) = postSolution
		{52E9D5CD-264C-4134-B8F6-5B565F398A91}.Debug|Any CPU.ActiveCfg = Debug|Any CPU
		{52E9D5CD-264C-4134-B8F6-5B565F398A91}.Debug|Any CPU.Build.0 = Debug|Any CPU
		{52E9D5CD-264C-4134-B8F6-5B565F398A91}.Release|Any CPU.ActiveCfg = Release|Any CPU
		{52E9D5CD-264C-4134-B8F6-5B565F398A91}.Release|Any CPU.Build.0 = Release|Any CPU
		{B5C5731A-5B8C-4912-B792-783BEE95EA20}.Debug|Any CPU.ActiveCfg = Debug|Any CPU
		{B5C5731A-5B8C-4912-B792-783BEE95EA20}.Debug|Any CPU.Build.0 = Debug|Any CPU
		{B5C5731A-5B8C-4912-B792-783BEE95EA20}.Release|Any CPU.ActiveCfg = Release|Any CPU
		{B5C5731A-5B8C-4912-B792-783BEE95EA20}.Release|Any CPU.Build.0 = Release|Any CPU
		{57ABB44B-A110-44AB-BC62-8E40243D1733}.Debug|Any CPU.ActiveCfg = Debug|Any CPU
		{57ABB44B-A110-44AB-BC62-8E40243D1733}.Debug|Any CPU.Build.0 = Debug|Any CPU
		{57ABB44B-A110-44AB-BC62-8E40243D1733}.Release|Any CPU.ActiveCfg = Release|Any CPU
		{57ABB44B-A110-44AB-BC62-8E40243D1733}.Release|Any CPU.Build.0 = Release|Any CPU
		{1EE58F88-842E-45FA-B5D6-661775097012}.Debug|Any CPU.ActiveCfg = Debug|Any CPU
		{1EE58F88-842E-45FA-B5D6-661775097012}.Debug|Any CPU.Build.0 = Debug|Any CPU
		{1EE58F88-842E-45FA-B5D6-661775097012}.Release|Any CPU.ActiveCfg = Release|Any CPU
		{1EE58F88-842E-45FA-B5D6-661775097012}.Release|Any CPU.Build.0 = Release|Any CPU
		{8ADBC992-B64B-4ED8-9B0E-F52F77033AF1}.Debug|Any CPU.ActiveCfg = Debug|Any CPU
		{8ADBC992-B64B-4ED8-9B0E-F52F77033AF1}.Debug|Any CPU.Build.0 = Debug|Any CPU
		{8ADBC992-B64B-4ED8-9B0E-F52F77033AF1}.Release|Any CPU.ActiveCfg = Release|Any CPU
		{8ADBC992-B64B-4ED8-9B0E-F52F77033AF1}.Release|Any CPU.Build.0 = Release|Any CPU
	EndGlobalSection
	GlobalSection(SolutionProperties) = preSolution
		HideSolutionNode = FALSE
	EndGlobalSection
	GlobalSection(ExtensibilityGlobals) = postSolution
		SolutionGuid = {7D5565D7-98BE-472D-BA0C-B22A08572AA9}
	EndGlobalSection
EndGlobal
